{
  "name": "QuizWarp",
  "version": "1.0.0",
  "lockfileVersion": 1,
  "requires": true,
  "dependencies": {
    "@rbxts/inspect": {
      "version": "1.0.1",
      "resolved": "https://registry.npmjs.org/@rbxts/inspect/-/inspect-1.0.1.tgz",
      "integrity": "sha512-O+fbpjl0iKWfVSILrgBRoZcCUzYSbRIOrgW8RrLWNBLFzoxIBu9uydx4RavYgT2RsmRm5zK2aM3MakEZ2z+jlQ=="
    },
    "@rbxts/services": {
      "version": "1.1.0",
      "resolved": "https://registry.npmjs.org/@rbxts/services/-/services-1.1.0.tgz",
      "integrity": "sha512-c3uH0JHDJzsxgQhKJUeeIysYYppkhnjs+3xztXOV4mVn9txZMkCu+0hN5ctPqtBGZefTJ104nVp5ZFehUmWvrg=="
    },
    "@rbxts/types": {
      "version": "1.0.385",
      "resolved": "https://registry.npmjs.org/@rbxts/types/-/types-1.0.385.tgz",
      "integrity": "sha512-mXvmBkrxa/IceyJK0buwTkjDW64IQbu2pUkCpJcnrad687blWP0fXUg8vYGiVVMUriyTHR041AnQW1/07CZQHA=="
    },
    "@rbxts/validate-tree": {
      "version": "1.0.6",
      "resolved": "https://registry.npmjs.org/@rbxts/validate-tree/-/validate-tree-1.0.6.tgz",
      "integrity": "sha512-fLjAjTh4cPo3A1UzYYTFUPRh/a5OR+bk38/oV6yF0lURbkukBiRgZCblZIr1BCbtXgxMymqHqMWldiibcFPbgw==",
      "requires": {
        "@rbxts/types": "^1.0.318"
      }
    }
  }
}
